
Microsoft Visual Studio Solution File, Format Version 12.00
# Visual Studio Version 17
VisualStudioVersion = 17.5.33424.131
MinimumVisualStudioVersion = 10.0.40219.1
Project("{FAE04EC0-301F-11D3-BF4B-00C04F79EFBC}") = "prueba.Ado-Net", "prueba.Ado-Net\prueba.Ado-Net.csproj", "{663839C1-0DC2-4CCA-8180-A590FE27E73F}"
EndProject
Project("{FAE04EC0-301F-11D3-BF4B-00C04F79EFBC}") = "Negocio1", "Negocio1\Negocio1.csproj", "{487B8D0F-0FEB-494E-A58C-D53A02869067}"
EndProject
Project("{FAE04EC0-301F-11D3-BF4B-00C04F79EFBC}") = "Dominio1", "Dominio1\Dominio1.csproj", "{7A5E5BBA-6ABB-4A6A-B5A0-669CB046C9DD}"
EndProject
Global
	GlobalSection(SolutionConfigurationPlatforms) = preSolution
		Debug|Any CPU = Debug|Any CPU
		Release|Any CPU = Release|Any CPU
	EndGlobalSection
	GlobalSection(ProjectConfigurationPlatforms) = postSolution
		{663839C1-0DC2-4CCA-8180-A590FE27E73F}.Debug|Any CPU.ActiveCfg = Debug|Any CPU
		{663839C1-0DC2-4CCA-8180-A590FE27E73F}.Debug|Any CPU.Build.0 = Debug|Any CPU
		{663839C1-0DC2-4CCA-8180-A590FE27E73F}.Release|Any CPU.ActiveCfg = Release|Any CPU
		{663839C1-0DC2-4CCA-8180-A590FE27E73F}.Release|Any CPU.Build.0 = Release|Any CPU
		{487B8D0F-0FEB-494E-A58C-D53A02869067}.Debug|Any CPU.ActiveCfg = Debug|Any CPU
		{487B8D0F-0FEB-494E-A58C-D53A02869067}.Debug|Any CPU.Build.0 = Debug|Any CPU
		{487B8D0F-0FEB-494E-A58C-D53A02869067}.Release|Any CPU.ActiveCfg = Release|Any CPU
		{487B8D0F-0FEB-494E-A58C-D53A02869067}.Release|Any CPU.Build.0 = Release|Any CPU
		{7A5E5BBA-6ABB-4A6A-B5A0-669CB046C9DD}.Debug|Any CPU.ActiveCfg = Debug|Any CPU
		{7A5E5BBA-6ABB-4A6A-B5A0-669CB046C9DD}.Debug|Any CPU.Build.0 = Debug|Any CPU
		{7A5E5BBA-6ABB-4A6A-B5A0-669CB046C9DD}.Release|Any CPU.ActiveCfg = Release|Any CPU
		{7A5E5BBA-6ABB-4A6A-B5A0-669CB046C9DD}.Release|Any CPU.Build.0 = Release|Any CPU
	EndGlobalSection
	GlobalSection(SolutionProperties) = preSolution
		HideSolutionNode = FALSE
	EndGlobalSection
	GlobalSection(ExtensibilityGlobals) = postSolution
		SolutionGuid = {156F9EEA-CE6D-4D02-9662-54AE62C24D50}
	EndGlobalSection
EndGlobal
